
Microsoft Visual Studio Solution File, Format Version 12.00
# Visual Studio Version 16
VisualStudioVersion = 16.0.31410.357
MinimumVisualStudioVersion = 10.0.40219.1
Project("{FAE04EC0-301F-11D3-BF4B-00C04F79EFBC}") = "BootStrapper.FlickerConsole", "BootStrapper.FlickerConsole\BootStrapper.FlickerConsole.csproj", "{E05B7C15-4CCC-4877-8694-09E6900A18EC}"
EndProject
Project("{2150E333-8FDC-42A3-9474-1A3956D46DE8}") = "BootStrapper", "BootStrapper", "{8ED85487-1A43-4787-82F8-F50309377B3F}"
EndProject
Project("{2150E333-8FDC-42A3-9474-1A3956D46DE8}") = "APIServices", "APIServices", "{7ED987CA-4875-40CA-9FE4-5FA774EA67F4}"
EndProject
Project("{FAE04EC0-301F-11D3-BF4B-00C04F79EFBC}") = "APIServices.Flicker", "APIServices.Flicker\APIServices.Flicker.csproj", "{395A5464-D430-47EF-8926-5E338001E074}"
EndProject
Project("{2150E333-8FDC-42A3-9474-1A3956D46DE8}") = "BusinessLogic", "BusinessLogic", "{FCA080DB-67F1-43FC-8337-FBAC5A75C136}"
EndProject
Project("{FAE04EC0-301F-11D3-BF4B-00C04F79EFBC}") = "BusinessLogic.Flicker", "BusinessLogic.Flicker\BusinessLogic.Flicker.csproj", "{4B36A61D-E36F-4CA1-B429-00A39C08C10F}"
EndProject
Project("{2150E333-8FDC-42A3-9474-1A3956D46DE8}") = "UI", "UI", "{0012D990-E866-4881-BFD5-E491FFC823E9}"
EndProject
Project("{2150E333-8FDC-42A3-9474-1A3956D46DE8}") = "Feed", "Feed", "{44523621-F8E9-4109-833F-679599F5FAEF}"
EndProject
Project("{2150E333-8FDC-42A3-9474-1A3956D46DE8}") = "Search", "Search", "{4AB6244B-250A-4FD4-952A-389350C24CDE}"
EndProject
Project("{FAE04EC0-301F-11D3-BF4B-00C04F79EFBC}") = "Search.Flicker", "Search.Flicker\Search.Flicker.csproj", "{526B0065-C360-4F34-925C-064A233FF7FD}"
EndProject
Project("{FAE04EC0-301F-11D3-BF4B-00C04F79EFBC}") = "Feed.Flicker", "Feed.Flicker\Feed.Flicker.csproj", "{D9121939-35FB-4B3A-8F2F-AC1C3D3627CD}"
EndProject
Project("{FAE04EC0-301F-11D3-BF4B-00C04F79EFBC}") = "BootStrapper.ApplicationUI", "BootStrapper.ApplicationUI\BootStrapper.ApplicationUI.csproj", "{A3865E72-B840-4674-AB8D-3CF77FBF73FC}"
EndProject
Project("{2150E333-8FDC-42A3-9474-1A3956D46DE8}") = "Foundation", "Foundation", "{8D258838-90A6-4AAA-9758-859C00ED51B6}"
EndProject
Project("{FAE04EC0-301F-11D3-BF4B-00C04F79EFBC}") = "Foundation.Core", "Foundation.Core\Foundation.Core.csproj", "{78041634-D213-44E1-AC82-1980586FC5C3}"
EndProject
Project("{2150E333-8FDC-42A3-9474-1A3956D46DE8}") = "Util", "Util", "{25C03788-39DD-471C-93C0-55C4D256B4E8}"
EndProject
Project("{FAE04EC0-301F-11D3-BF4B-00C04F79EFBC}") = "Util.Common", "Util.Common\Util.Common.csproj", "{F23B9C26-E40C-4258-92D7-B8FED1432747}"
EndProject
Project("{FAE04EC0-301F-11D3-BF4B-00C04F79EFBC}") = "APIServices.Twitter", "APIServices.Twitter\APIServices.Twitter.csproj", "{5CC376BE-A2FF-4086-81DB-C4B3920228A3}"
EndProject
Project("{FAE04EC0-301F-11D3-BF4B-00C04F79EFBC}") = "Feed.Tweets", "Feed.Tweets\Feed.Tweets.csproj", "{948C12BF-FAAE-4879-AF6B-897703116A18}"
EndProject
Project("{2150E333-8FDC-42A3-9474-1A3956D46DE8}") = "UnitTest", "UnitTest", "{BFBC05C2-DD75-410A-B901-E1B4DD86EF93}"
EndProject
Project("{FAE04EC0-301F-11D3-BF4B-00C04F79EFBC}") = "BusinessLogic.Flicker.UnitTests", "BusinessLogic.Flicker.UnitTests\BusinessLogic.Flicker.UnitTests.csproj", "{1F2B7EBB-4219-4D44-9EEA-DAC3DAD93A04}"
EndProject
Project("{FAE04EC0-301F-11D3-BF4B-00C04F79EFBC}") = "BusinessLogic.Twitter", "BusinessLogic.Twitter\BusinessLogic.Twitter.csproj", "{0E0181C4-2AD8-4D31-A3F5-32753B8BCA9F}"
EndProject
Global
	GlobalSection(SolutionConfigurationPlatforms) = preSolution
		Debug|Any CPU = Debug|Any CPU
		Release|Any CPU = Release|Any CPU
	EndGlobalSection
	GlobalSection(ProjectConfigurationPlatforms) = postSolution
		{395A5464-D430-47EF-8926-5E338001E074}.Debug|Any CPU.ActiveCfg = Debug|Any CPU
		{395A5464-D430-47EF-8926-5E338001E074}.Debug|Any CPU.Build.0 = Debug|Any CPU
		{395A5464-D430-47EF-8926-5E338001E074}.Release|Any CPU.ActiveCfg = Release|Any CPU
		{395A5464-D430-47EF-8926-5E338001E074}.Release|Any CPU.Build.0 = Release|Any CPU
		{4B36A61D-E36F-4CA1-B429-00A39C08C10F}.Debug|Any CPU.ActiveCfg = Debug|Any CPU
		{4B36A61D-E36F-4CA1-B429-00A39C08C10F}.Debug|Any CPU.Build.0 = Debug|Any CPU
		{4B36A61D-E36F-4CA1-B429-00A39C08C10F}.Release|Any CPU.ActiveCfg = Release|Any CPU
		{4B36A61D-E36F-4CA1-B429-00A39C08C10F}.Release|Any CPU.Build.0 = Release|Any CPU
		{526B0065-C360-4F34-925C-064A233FF7FD}.Debug|Any CPU.ActiveCfg = Debug|Any CPU
		{526B0065-C360-4F34-925C-064A233FF7FD}.Debug|Any CPU.Build.0 = Debug|Any CPU
		{526B0065-C360-4F34-925C-064A233FF7FD}.Release|Any CPU.ActiveCfg = Release|Any CPU
		{526B0065-C360-4F34-925C-064A233FF7FD}.Release|Any CPU.Build.0 = Release|Any CPU
		{D9121939-35FB-4B3A-8F2F-AC1C3D3627CD}.Debug|Any CPU.ActiveCfg = Debug|Any CPU
		{D9121939-35FB-4B3A-8F2F-AC1C3D3627CD}.Debug|Any CPU.Build.0 = Debug|Any CPU
		{D9121939-35FB-4B3A-8F2F-AC1C3D3627CD}.Release|Any CPU.ActiveCfg = Release|Any CPU
		{D9121939-35FB-4B3A-8F2F-AC1C3D3627CD}.Release|Any CPU.Build.0 = Release|Any CPU
		{A3865E72-B840-4674-AB8D-3CF77FBF73FC}.Debug|Any CPU.ActiveCfg = Debug|Any CPU
		{A3865E72-B840-4674-AB8D-3CF77FBF73FC}.Debug|Any CPU.Build.0 = Debug|Any CPU
		{A3865E72-B840-4674-AB8D-3CF77FBF73FC}.Release|Any CPU.ActiveCfg = Release|Any CPU
		{A3865E72-B840-4674-AB8D-3CF77FBF73FC}.Release|Any CPU.Build.0 = Release|Any CPU
		{78041634-D213-44E1-AC82-1980586FC5C3}.Debug|Any CPU.ActiveCfg = Debug|Any CPU
		{78041634-D213-44E1-AC82-1980586FC5C3}.Debug|Any CPU.Build.0 = Debug|Any CPU
		{78041634-D213-44E1-AC82-1980586FC5C3}.Release|Any CPU.ActiveCfg = Release|Any CPU
		{78041634-D213-44E1-AC82-1980586FC5C3}.Release|Any CPU.Build.0 = Release|Any CPU
		{F23B9C26-E40C-4258-92D7-B8FED1432747}.Debug|Any CPU.ActiveCfg = Debug|Any CPU
		{F23B9C26-E40C-4258-92D7-B8FED1432747}.Debug|Any CPU.Build.0 = Debug|Any CPU
		{F23B9C26-E40C-4258-92D7-B8FED1432747}.Release|Any CPU.ActiveCfg = Release|Any CPU
		{F23B9C26-E40C-4258-92D7-B8FED1432747}.Release|Any CPU.Build.0 = Release|Any CPU
		{E05B7C15-4CCC-4877-8694-09E6900A18EC}.Debug|Any CPU.ActiveCfg = Debug|Any CPU
		{E05B7C15-4CCC-4877-8694-09E6900A18EC}.Debug|Any CPU.Build.0 = Debug|Any CPU
		{E05B7C15-4CCC-4877-8694-09E6900A18EC}.Release|Any CPU.ActiveCfg = Release|Any CPU
		{E05B7C15-4CCC-4877-8694-09E6900A18EC}.Release|Any CPU.Build.0 = Release|Any CPU
		{5CC376BE-A2FF-4086-81DB-C4B3920228A3}.Debug|Any CPU.ActiveCfg = Debug|Any CPU
		{5CC376BE-A2FF-4086-81DB-C4B3920228A3}.Debug|Any CPU.Build.0 = Debug|Any CPU
		{5CC376BE-A2FF-4086-81DB-C4B3920228A3}.Release|Any CPU.ActiveCfg = Release|Any CPU
		{5CC376BE-A2FF-4086-81DB-C4B3920228A3}.Release|Any CPU.Build.0 = Release|Any CPU
		{948C12BF-FAAE-4879-AF6B-897703116A18}.Debug|Any CPU.ActiveCfg = Debug|Any CPU
		{948C12BF-FAAE-4879-AF6B-897703116A18}.Debug|Any CPU.Build.0 = Debug|Any CPU
		{948C12BF-FAAE-4879-AF6B-897703116A18}.Release|Any CPU.ActiveCfg = Release|Any CPU
		{948C12BF-FAAE-4879-AF6B-897703116A18}.Release|Any CPU.Build.0 = Release|Any CPU
		{1F2B7EBB-4219-4D44-9EEA-DAC3DAD93A04}.Debug|Any CPU.ActiveCfg = Debug|Any CPU
		{1F2B7EBB-4219-4D44-9EEA-DAC3DAD93A04}.Debug|Any CPU.Build.0 = Debug|Any CPU
		{1F2B7EBB-4219-4D44-9EEA-DAC3DAD93A04}.Release|Any CPU.ActiveCfg = Release|Any CPU
		{1F2B7EBB-4219-4D44-9EEA-DAC3DAD93A04}.Release|Any CPU.Build.0 = Release|Any CPU
		{0E0181C4-2AD8-4D31-A3F5-32753B8BCA9F}.Debug|Any CPU.ActiveCfg = Debug|Any CPU
		{0E0181C4-2AD8-4D31-A3F5-32753B8BCA9F}.Debug|Any CPU.Build.0 = Debug|Any CPU
		{0E0181C4-2AD8-4D31-A3F5-32753B8BCA9F}.Release|Any CPU.ActiveCfg = Release|Any CPU
		{0E0181C4-2AD8-4D31-A3F5-32753B8BCA9F}.Release|Any CPU.Build.0 = Release|Any CPU
	EndGlobalSection
	GlobalSection(SolutionProperties) = preSolution
		HideSolutionNode = FALSE
	EndGlobalSection
	GlobalSection(NestedProjects) = preSolution
		{395A5464-D430-47EF-8926-5E338001E074} = {7ED987CA-4875-40CA-9FE4-5FA774EA67F4}
		{4B36A61D-E36F-4CA1-B429-00A39C08C10F} = {FCA080DB-67F1-43FC-8337-FBAC5A75C136}
		{44523621-F8E9-4109-833F-679599F5FAEF} = {0012D990-E866-4881-BFD5-E491FFC823E9}
		{4AB6244B-250A-4FD4-952A-389350C24CDE} = {0012D990-E866-4881-BFD5-E491FFC823E9}
		{526B0065-C360-4F34-925C-064A233FF7FD} = {4AB6244B-250A-4FD4-952A-389350C24CDE}
		{D9121939-35FB-4B3A-8F2F-AC1C3D3627CD} = {44523621-F8E9-4109-833F-679599F5FAEF}
		{A3865E72-B840-4674-AB8D-3CF77FBF73FC} = {8ED85487-1A43-4787-82F8-F50309377B3F}
		{78041634-D213-44E1-AC82-1980586FC5C3} = {8D258838-90A6-4AAA-9758-859C00ED51B6}
		{F23B9C26-E40C-4258-92D7-B8FED1432747} = {25C03788-39DD-471C-93C0-55C4D256B4E8}
		{E05B7C15-4CCC-4877-8694-09E6900A18EC} = {8ED85487-1A43-4787-82F8-F50309377B3F}
		{5CC376BE-A2FF-4086-81DB-C4B3920228A3} = {7ED987CA-4875-40CA-9FE4-5FA774EA67F4}
		{948C12BF-FAAE-4879-AF6B-897703116A18} = {44523621-F8E9-4109-833F-679599F5FAEF}
		{1F2B7EBB-4219-4D44-9EEA-DAC3DAD93A04} = {BFBC05C2-DD75-410A-B901-E1B4DD86EF93}
		{0E0181C4-2AD8-4D31-A3F5-32753B8BCA9F} = {FCA080DB-67F1-43FC-8337-FBAC5A75C136}
	EndGlobalSection
	GlobalSection(ExtensibilityGlobals) = postSolution
		SolutionGuid = {A89C6CDE-DC7B-4ED1-8D59-228224B15ECC}
	EndGlobalSection
EndGlobal
